
Microsoft Visual Studio Solution File, Format Version 12.00
# Visual Studio 2012
Project("{FAE04EC0-301F-11D3-BF4B-00C04F79EFBC}") = "WindowsFormsApplication49", "WindowsFormsApplication49.csproj", "{116211C0-A5DB-4518-895E-61F54FA47D4C}"
EndProject
Global
	GlobalSection(SolutionConfigurationPlatforms) = preSolution
		Debug|Any CPU = Debug|Any CPU
		Release|Any CPU = Release|Any CPU
	EndGlobalSection
	GlobalSection(ProjectConfigurationPlatforms) = postSolution
		{116211C0-A5DB-4518-895E-61F54FA47D4C}.Debug|Any CPU.ActiveCfg = Debug|Any CPU
		{116211C0-A5DB-4518-895E-61F54FA47D4C}.Debug|Any CPU.Build.0 = Debug|Any CPU
		{116211C0-A5DB-4518-895E-61F54FA47D4C}.Release|Any CPU.ActiveCfg = Release|Any CPU
		{116211C0-A5DB-4518-895E-61F54FA47D4C}.Release|Any CPU.Build.0 = Release|Any CPU
	EndGlobalSection
	GlobalSection(SolutionProperties) = preSolution
		HideSolutionNode = FALSE
	EndGlobalSection
EndGlobal
